
Microsoft Visual Studio Solution File, Format Version 12.00
# Visual Studio Version 17
VisualStudioVersion = 17.11.35327.3
MinimumVisualStudioVersion = 10.0.40219.1
Project("{FAE04EC0-301F-11D3-BF4B-00C04F79EFBC}") = "Server", "./src/Server/Server.csproj", "{16476C00-D9A0-4DD0-B22A-E9FEADFF8233}"
EndProject
Project("{FAE04EC0-301F-11D3-BF4B-00C04F79EFBC}") = "Client", "./src/Client/Client.csproj", "{47248C57-F0D9-4F17-AB4B-D6FC85F1B873}"
EndProject
Global
	GlobalSection(SolutionConfigurationPlatforms) = preSolution
		Debug|Any CPU = Debug|Any CPU
		Release|Any CPU = Release|Any CPU
	EndGlobalSection
	GlobalSection(ProjectConfigurationPlatforms) = postSolution
		{16476C00-D9A0-4DD0-B22A-E9FEADFF8233}.Debug|Any CPU.ActiveCfg = Debug|Any CPU
		{16476C00-D9A0-4DD0-B22A-E9FEADFF8233}.Debug|Any CPU.Build.0 = Debug|Any CPU
		{16476C00-D9A0-4DD0-B22A-E9FEADFF8233}.Release|Any CPU.ActiveCfg = Release|Any CPU
		{16476C00-D9A0-4DD0-B22A-E9FEADFF8233}.Release|Any CPU.Build.0 = Release|Any CPU
		{47248C57-F0D9-4F17-AB4B-D6FC85F1B873}.Debug|Any CPU.ActiveCfg = Debug|Any CPU
		{47248C57-F0D9-4F17-AB4B-D6FC85F1B873}.Debug|Any CPU.Build.0 = Debug|Any CPU
		{47248C57-F0D9-4F17-AB4B-D6FC85F1B873}.Release|Any CPU.ActiveCfg = Release|Any CPU
		{47248C57-F0D9-4F17-AB4B-D6FC85F1B873}.Release|Any CPU.Build.0 = Release|Any CPU
	EndGlobalSection
	GlobalSection(SolutionProperties) = preSolution
		HideSolutionNode = FALSE
	EndGlobalSection
	GlobalSection(ExtensibilityGlobals) = postSolution
		SolutionGuid = {45E7FFA4-1909-44DE-9C20-A6DBE7F4F577}
	EndGlobalSection
EndGlobal
